
Microsoft Visual Studio Solution File, Format Version 12.00
# Visual Studio 15
Project("{FAE04EC0-301F-11D3-BF4B-00C04F79EFBC}") = "Users.API", "Users.API\Users.API.csproj", "{539B73A9-9EA8-4C47-9617-3A62A890955B}"
EndProject
Project("{FAE04EC0-301F-11D3-BF4B-00C04F79EFBC}") = "Users.Domain", "Users.Application\Users.Domain.csproj", "{0E3D12C7-9838-493F-8766-B812E2795589}"
EndProject
Project("{FAE04EC0-301F-11D3-BF4B-00C04F79EFBC}") = "Tests", "Tests\Tests.csproj", "{BFB73CAF-164A-4B0D-AAF0-FFF2FEA61EAC}"
EndProject
Project("{FAE04EC0-301F-11D3-BF4B-00C04F79EFBC}") = "Users.Infrastructure", "Users.Infrastructure\Users.Infrastructure.csproj", "{B8F5F90F-4EA7-40F9-9E23-7DB02E2965E1}"
EndProject
Global
	GlobalSection(SolutionConfigurationPlatforms) = preSolution
		Debug|anycpu = Debug|anycpu
		Release|anycpu = Release|anycpu
	EndGlobalSection
	GlobalSection(ProjectConfigurationPlatforms) = postSolution
		{539B73A9-9EA8-4C47-9617-3A62A890955B}.Debug|anycpu.ActiveCfg = Debug|Any CPU
		{539B73A9-9EA8-4C47-9617-3A62A890955B}.Debug|anycpu.Build.0 = Debug|Any CPU
		{539B73A9-9EA8-4C47-9617-3A62A890955B}.Release|anycpu.ActiveCfg = Release|Any CPU
		{539B73A9-9EA8-4C47-9617-3A62A890955B}.Release|anycpu.Build.0 = Release|Any CPU
		{0E3D12C7-9838-493F-8766-B812E2795589}.Debug|anycpu.ActiveCfg = Debug|Any CPU
		{0E3D12C7-9838-493F-8766-B812E2795589}.Debug|anycpu.Build.0 = Debug|Any CPU
		{0E3D12C7-9838-493F-8766-B812E2795589}.Release|anycpu.ActiveCfg = Release|Any CPU
		{0E3D12C7-9838-493F-8766-B812E2795589}.Release|anycpu.Build.0 = Release|Any CPU
		{BFB73CAF-164A-4B0D-AAF0-FFF2FEA61EAC}.Debug|anycpu.ActiveCfg = Debug|Any CPU
		{BFB73CAF-164A-4B0D-AAF0-FFF2FEA61EAC}.Debug|anycpu.Build.0 = Debug|Any CPU
		{BFB73CAF-164A-4B0D-AAF0-FFF2FEA61EAC}.Release|anycpu.ActiveCfg = Release|Any CPU
		{BFB73CAF-164A-4B0D-AAF0-FFF2FEA61EAC}.Release|anycpu.Build.0 = Release|Any CPU
		{B8F5F90F-4EA7-40F9-9E23-7DB02E2965E1}.Debug|anycpu.ActiveCfg = Debug|Any CPU
		{B8F5F90F-4EA7-40F9-9E23-7DB02E2965E1}.Debug|anycpu.Build.0 = Debug|Any CPU
		{B8F5F90F-4EA7-40F9-9E23-7DB02E2965E1}.Release|anycpu.ActiveCfg = Release|Any CPU
		{B8F5F90F-4EA7-40F9-9E23-7DB02E2965E1}.Release|anycpu.Build.0 = Release|Any CPU
	EndGlobalSection
EndGlobal
